
Microsoft Visual Studio Solution File, Format Version 12.00
# Visual Studio Version 17
VisualStudioVersion = 17.2.32519.379
MinimumVisualStudioVersion = 10.0.40219.1
Project("{9A19103F-16F7-4668-BE54-9A1E7A4F7556}") = "ASC.Solution.v1.1", "ASC.Solution.v1.1\ASC.Solution.v1.1.csproj", "{ABBCF064-A5A7-49CF-90FA-97B85B95A208}"
EndProject
Project("{9A19103F-16F7-4668-BE54-9A1E7A4F7556}") = "ASC.DataAccess", "ASC.DataAccess\ASC.DataAccess.csproj", "{5EA19994-5BAF-48EC-8145-8F284F768A26}"
EndProject
Project("{FAE04EC0-301F-11D3-BF4B-00C04F79EFBC}") = "ASC.Models", "ASC.Models\ASC.Models.csproj", "{0410F8E1-1B41-4F49-A3D2-1409D7A7D93D}"
EndProject
Project("{FAE04EC0-301F-11D3-BF4B-00C04F79EFBC}") = "ASC.Utilities", "ASC.Utilities\ASC.Utilities.csproj", "{FFF586B7-C0F2-4DE0-A645-3CB2D1277C70}"
EndProject
Global
	GlobalSection(SolutionConfigurationPlatforms) = preSolution
		Debug|Any CPU = Debug|Any CPU
		Release|Any CPU = Release|Any CPU
	EndGlobalSection
	GlobalSection(ProjectConfigurationPlatforms) = postSolution
		{ABBCF064-A5A7-49CF-90FA-97B85B95A208}.Debug|Any CPU.ActiveCfg = Debug|Any CPU
		{ABBCF064-A5A7-49CF-90FA-97B85B95A208}.Debug|Any CPU.Build.0 = Debug|Any CPU
		{ABBCF064-A5A7-49CF-90FA-97B85B95A208}.Release|Any CPU.ActiveCfg = Release|Any CPU
		{ABBCF064-A5A7-49CF-90FA-97B85B95A208}.Release|Any CPU.Build.0 = Release|Any CPU
		{5EA19994-5BAF-48EC-8145-8F284F768A26}.Debug|Any CPU.ActiveCfg = Debug|Any CPU
		{5EA19994-5BAF-48EC-8145-8F284F768A26}.Debug|Any CPU.Build.0 = Debug|Any CPU
		{5EA19994-5BAF-48EC-8145-8F284F768A26}.Release|Any CPU.ActiveCfg = Release|Any CPU
		{5EA19994-5BAF-48EC-8145-8F284F768A26}.Release|Any CPU.Build.0 = Release|Any CPU
		{0410F8E1-1B41-4F49-A3D2-1409D7A7D93D}.Debug|Any CPU.ActiveCfg = Debug|Any CPU
		{0410F8E1-1B41-4F49-A3D2-1409D7A7D93D}.Debug|Any CPU.Build.0 = Debug|Any CPU
		{0410F8E1-1B41-4F49-A3D2-1409D7A7D93D}.Release|Any CPU.ActiveCfg = Release|Any CPU
		{0410F8E1-1B41-4F49-A3D2-1409D7A7D93D}.Release|Any CPU.Build.0 = Release|Any CPU
		{FFF586B7-C0F2-4DE0-A645-3CB2D1277C70}.Debug|Any CPU.ActiveCfg = Debug|Any CPU
		{FFF586B7-C0F2-4DE0-A645-3CB2D1277C70}.Debug|Any CPU.Build.0 = Debug|Any CPU
		{FFF586B7-C0F2-4DE0-A645-3CB2D1277C70}.Release|Any CPU.ActiveCfg = Release|Any CPU
		{FFF586B7-C0F2-4DE0-A645-3CB2D1277C70}.Release|Any CPU.Build.0 = Release|Any CPU
	EndGlobalSection
	GlobalSection(SolutionProperties) = preSolution
		HideSolutionNode = FALSE
	EndGlobalSection
	GlobalSection(ExtensibilityGlobals) = postSolution
		SolutionGuid = {EA075060-809F-48B3-8FE3-FD3C4EAD9744}
	EndGlobalSection
EndGlobal
